
Microsoft Visual Studio Solution File, Format Version 12.00
# Visual Studio Version 16
VisualStudioVersion = 16.0.32106.194
MinimumVisualStudioVersion = 10.0.40219.1
Project("{9A19103F-16F7-4668-BE54-9A1E7A4F7556}") = "PetitProg", "PetitProg\PetitProg.csproj", "{F6781C39-F8CC-44E9-BD96-2E874D700A5D}"
EndProject
Project("{9A19103F-16F7-4668-BE54-9A1E7A4F7556}") = "testPetitProg", "testPetitProg\testPetitProg.csproj", "{66C89563-A2A6-4683-977D-3D52660E4C10}"
EndProject
Global
	GlobalSection(SolutionConfigurationPlatforms) = preSolution
		Debug|Any CPU = Debug|Any CPU
		Release|Any CPU = Release|Any CPU
	EndGlobalSection
	GlobalSection(ProjectConfigurationPlatforms) = postSolution
		{F6781C39-F8CC-44E9-BD96-2E874D700A5D}.Debug|Any CPU.ActiveCfg = Debug|Any CPU
		{F6781C39-F8CC-44E9-BD96-2E874D700A5D}.Debug|Any CPU.Build.0 = Debug|Any CPU
		{F6781C39-F8CC-44E9-BD96-2E874D700A5D}.Release|Any CPU.ActiveCfg = Release|Any CPU
		{F6781C39-F8CC-44E9-BD96-2E874D700A5D}.Release|Any CPU.Build.0 = Release|Any CPU
		{66C89563-A2A6-4683-977D-3D52660E4C10}.Debug|Any CPU.ActiveCfg = Debug|Any CPU
		{66C89563-A2A6-4683-977D-3D52660E4C10}.Debug|Any CPU.Build.0 = Debug|Any CPU
		{66C89563-A2A6-4683-977D-3D52660E4C10}.Release|Any CPU.ActiveCfg = Release|Any CPU
		{66C89563-A2A6-4683-977D-3D52660E4C10}.Release|Any CPU.Build.0 = Release|Any CPU
	EndGlobalSection
	GlobalSection(SolutionProperties) = preSolution
		HideSolutionNode = FALSE
	EndGlobalSection
	GlobalSection(ExtensibilityGlobals) = postSolution
		SolutionGuid = {32D31A42-4ECC-4F54-9941-8AD2724DF999}
	EndGlobalSection
EndGlobal
